
Microsoft Visual Studio Solution File, Format Version 12.00
# Visual Studio 15
VisualStudioVersion = 15.0.26430.13
MinimumVisualStudioVersion = 10.0.40219.1
Project("{FAE04EC0-301F-11D3-BF4B-00C04F79EFBC}") = "Sql2k17SqlClr1", "Sql2k17SqlClr1\Sql2k17SqlClr1.csproj", "{B8EEDDE3-CDCA-4E21-8483-5FF1A7326C62}"
EndProject
Project("{FAE04EC0-301F-11D3-BF4B-00C04F79EFBC}") = "Sql2k17SqlClr2", "Sql2k17SqlClr2\Sql2k17SqlClr2.csproj", "{56B32796-DD70-4BAD-84FB-A3BBA210F86D}"
EndProject
Project("{FAE04EC0-301F-11D3-BF4B-00C04F79EFBC}") = "Sql2k17SqlClr3", "Sql2k17SqlClr3\Sql2k17SqlClr3.csproj", "{F933D3AE-F97B-46EB-B8D3-55CF3BB8DF20}"
EndProject
Global
	GlobalSection(SolutionConfigurationPlatforms) = preSolution
		Debug|Any CPU = Debug|Any CPU
		Release|Any CPU = Release|Any CPU
	EndGlobalSection
	GlobalSection(ProjectConfigurationPlatforms) = postSolution
		{B8EEDDE3-CDCA-4E21-8483-5FF1A7326C62}.Debug|Any CPU.ActiveCfg = Debug|Any CPU
		{B8EEDDE3-CDCA-4E21-8483-5FF1A7326C62}.Debug|Any CPU.Build.0 = Debug|Any CPU
		{B8EEDDE3-CDCA-4E21-8483-5FF1A7326C62}.Release|Any CPU.ActiveCfg = Release|Any CPU
		{B8EEDDE3-CDCA-4E21-8483-5FF1A7326C62}.Release|Any CPU.Build.0 = Release|Any CPU
		{56B32796-DD70-4BAD-84FB-A3BBA210F86D}.Debug|Any CPU.ActiveCfg = Debug|Any CPU
		{56B32796-DD70-4BAD-84FB-A3BBA210F86D}.Debug|Any CPU.Build.0 = Debug|Any CPU
		{56B32796-DD70-4BAD-84FB-A3BBA210F86D}.Release|Any CPU.ActiveCfg = Release|Any CPU
		{56B32796-DD70-4BAD-84FB-A3BBA210F86D}.Release|Any CPU.Build.0 = Release|Any CPU
		{F933D3AE-F97B-46EB-B8D3-55CF3BB8DF20}.Debug|Any CPU.ActiveCfg = Debug|Any CPU
		{F933D3AE-F97B-46EB-B8D3-55CF3BB8DF20}.Debug|Any CPU.Build.0 = Debug|Any CPU
		{F933D3AE-F97B-46EB-B8D3-55CF3BB8DF20}.Release|Any CPU.ActiveCfg = Release|Any CPU
		{F933D3AE-F97B-46EB-B8D3-55CF3BB8DF20}.Release|Any CPU.Build.0 = Release|Any CPU
	EndGlobalSection
	GlobalSection(SolutionProperties) = preSolution
		HideSolutionNode = FALSE
	EndGlobalSection
EndGlobal
